
Microsoft Visual Studio Solution File, Format Version 12.00
# Visual Studio Version 16
VisualStudioVersion = 16.0.32630.194
MinimumVisualStudioVersion = 10.0.40219.1
Project("{F184B08F-C81C-45F6-A57F-5ABD9991F28F}") = "DHMIT System", "MonitoringSystem\DHMIT System.vbproj", "{EBCD0023-81BA-4FBB-AA45-C9B264492D08}"
EndProject
Global
	GlobalSection(SolutionConfigurationPlatforms) = preSolution
		Debug|Any CPU = Debug|Any CPU
		Release|Any CPU = Release|Any CPU
	EndGlobalSection
	GlobalSection(ProjectConfigurationPlatforms) = postSolution
		{EBCD0023-81BA-4FBB-AA45-C9B264492D08}.Debug|Any CPU.ActiveCfg = Debug|Any CPU
		{EBCD0023-81BA-4FBB-AA45-C9B264492D08}.Debug|Any CPU.Build.0 = Debug|Any CPU
		{EBCD0023-81BA-4FBB-AA45-C9B264492D08}.Release|Any CPU.ActiveCfg = Release|Any CPU
		{EBCD0023-81BA-4FBB-AA45-C9B264492D08}.Release|Any CPU.Build.0 = Release|Any CPU
	EndGlobalSection
	GlobalSection(SolutionProperties) = preSolution
		HideSolutionNode = FALSE
	EndGlobalSection
	GlobalSection(ExtensibilityGlobals) = postSolution
		SolutionGuid = {CF7B0F9E-484C-45AD-B19A-3B7DB546EC14}
	EndGlobalSection
EndGlobal
